
Microsoft Visual Studio Solution File, Format Version 12.00
# Visual Studio Version 16
VisualStudioVersion = 16.0.30002.166
MinimumVisualStudioVersion = 10.0.40219.1
Project("{FAE04EC0-301F-11D3-BF4B-00C04F79EFBC}") = "Rootedfuture.Android", "Rootedfuture.Android\Rootedfuture.Android.csproj", "{3A14EDE9-671A-4F9F-8B37-EFB2E206BB8A}"
	ProjectSection(ProjectDependencies) = postProject
		{154EF9F9-8760-42F0-B145-AEF614F522CA} = {154EF9F9-8760-42F0-B145-AEF614F522CA}
	EndProjectSection
EndProject
Project("{FAE04EC0-301F-11D3-BF4B-00C04F79EFBC}") = "Rootedfuture.iOS", "Rootedfuture.iOS\Rootedfuture.iOS.csproj", "{154EF9F9-8760-42F0-B145-AEF614F522CA}"
EndProject
Project("{9A19103F-16F7-4668-BE54-9A1E7A4F7556}") = "Rootedfuture", "Rootedfuture\Rootedfuture.csproj", "{F997D657-8900-4885-8292-B658EA808162}"
EndProject
Global
	GlobalSection(SolutionConfigurationPlatforms) = preSolution
		Debug|Any CPU = Debug|Any CPU
		Debug|iPhone = Debug|iPhone
		Debug|iPhoneSimulator = Debug|iPhoneSimulator
		Release|Any CPU = Release|Any CPU
		Release|iPhone = Release|iPhone
		Release|iPhoneSimulator = Release|iPhoneSimulator
	EndGlobalSection
	GlobalSection(ProjectConfigurationPlatforms) = postSolution
		{3A14EDE9-671A-4F9F-8B37-EFB2E206BB8A}.Debug|Any CPU.ActiveCfg = Debug|Any CPU
		{3A14EDE9-671A-4F9F-8B37-EFB2E206BB8A}.Debug|Any CPU.Build.0 = Debug|Any CPU
		{3A14EDE9-671A-4F9F-8B37-EFB2E206BB8A}.Debug|Any CPU.Deploy.0 = Debug|Any CPU
		{3A14EDE9-671A-4F9F-8B37-EFB2E206BB8A}.Debug|iPhone.ActiveCfg = Debug|Any CPU
		{3A14EDE9-671A-4F9F-8B37-EFB2E206BB8A}.Debug|iPhone.Build.0 = Debug|Any CPU
		{3A14EDE9-671A-4F9F-8B37-EFB2E206BB8A}.Debug|iPhone.Deploy.0 = Debug|Any CPU
		{3A14EDE9-671A-4F9F-8B37-EFB2E206BB8A}.Debug|iPhoneSimulator.ActiveCfg = Debug|Any CPU
		{3A14EDE9-671A-4F9F-8B37-EFB2E206BB8A}.Debug|iPhoneSimulator.Build.0 = Debug|Any CPU
		{3A14EDE9-671A-4F9F-8B37-EFB2E206BB8A}.Debug|iPhoneSimulator.Deploy.0 = Debug|Any CPU
		{3A14EDE9-671A-4F9F-8B37-EFB2E206BB8A}.Release|Any CPU.ActiveCfg = Release|Any CPU
		{3A14EDE9-671A-4F9F-8B37-EFB2E206BB8A}.Release|Any CPU.Build.0 = Release|Any CPU
		{3A14EDE9-671A-4F9F-8B37-EFB2E206BB8A}.Release|Any CPU.Deploy.0 = Release|Any CPU
		{3A14EDE9-671A-4F9F-8B37-EFB2E206BB8A}.Release|iPhone.ActiveCfg = Release|Any CPU
		{3A14EDE9-671A-4F9F-8B37-EFB2E206BB8A}.Release|iPhone.Build.0 = Release|Any CPU
		{3A14EDE9-671A-4F9F-8B37-EFB2E206BB8A}.Release|iPhone.Deploy.0 = Release|Any CPU
		{3A14EDE9-671A-4F9F-8B37-EFB2E206BB8A}.Release|iPhoneSimulator.ActiveCfg = Release|Any CPU
		{3A14EDE9-671A-4F9F-8B37-EFB2E206BB8A}.Release|iPhoneSimulator.Build.0 = Release|Any CPU
		{3A14EDE9-671A-4F9F-8B37-EFB2E206BB8A}.Release|iPhoneSimulator.Deploy.0 = Release|Any CPU
		{154EF9F9-8760-42F0-B145-AEF614F522CA}.Debug|Any CPU.ActiveCfg = Debug|iPhoneSimulator
		{154EF9F9-8760-42F0-B145-AEF614F522CA}.Debug|Any CPU.Build.0 = Debug|iPhoneSimulator
		{154EF9F9-8760-42F0-B145-AEF614F522CA}.Debug|Any CPU.Deploy.0 = Debug|iPhoneSimulator
		{154EF9F9-8760-42F0-B145-AEF614F522CA}.Debug|iPhone.ActiveCfg = Debug|iPhone
		{154EF9F9-8760-42F0-B145-AEF614F522CA}.Debug|iPhone.Build.0 = Debug|iPhone
		{154EF9F9-8760-42F0-B145-AEF614F522CA}.Debug|iPhone.Deploy.0 = Debug|iPhone
		{154EF9F9-8760-42F0-B145-AEF614F522CA}.Debug|iPhoneSimulator.ActiveCfg = Debug|iPhoneSimulator
		{154EF9F9-8760-42F0-B145-AEF614F522CA}.Debug|iPhoneSimulator.Build.0 = Debug|iPhoneSimulator
		{154EF9F9-8760-42F0-B145-AEF614F522CA}.Debug|iPhoneSimulator.Deploy.0 = Debug|iPhoneSimulator
		{154EF9F9-8760-42F0-B145-AEF614F522CA}.Release|Any CPU.ActiveCfg = Release|iPhone
		{154EF9F9-8760-42F0-B145-AEF614F522CA}.Release|Any CPU.Build.0 = Release|iPhone
		{154EF9F9-8760-42F0-B145-AEF614F522CA}.Release|Any CPU.Deploy.0 = Release|iPhone
		{154EF9F9-8760-42F0-B145-AEF614F522CA}.Release|iPhone.ActiveCfg = Release|iPhone
		{154EF9F9-8760-42F0-B145-AEF614F522CA}.Release|iPhone.Build.0 = Release|iPhone
		{154EF9F9-8760-42F0-B145-AEF614F522CA}.Release|iPhone.Deploy.0 = Release|iPhone
		{154EF9F9-8760-42F0-B145-AEF614F522CA}.Release|iPhoneSimulator.ActiveCfg = Release|iPhoneSimulator
		{154EF9F9-8760-42F0-B145-AEF614F522CA}.Release|iPhoneSimulator.Build.0 = Release|iPhoneSimulator
		{154EF9F9-8760-42F0-B145-AEF614F522CA}.Release|iPhoneSimulator.Deploy.0 = Release|iPhoneSimulator
		{F997D657-8900-4885-8292-B658EA808162}.Debug|Any CPU.ActiveCfg = Debug|Any CPU
		{F997D657-8900-4885-8292-B658EA808162}.Debug|Any CPU.Build.0 = Debug|Any CPU
		{F997D657-8900-4885-8292-B658EA808162}.Debug|Any CPU.Deploy.0 = Debug|Any CPU
		{F997D657-8900-4885-8292-B658EA808162}.Debug|iPhone.ActiveCfg = Debug|Any CPU
		{F997D657-8900-4885-8292-B658EA808162}.Debug|iPhone.Build.0 = Debug|Any CPU
		{F997D657-8900-4885-8292-B658EA808162}.Debug|iPhone.Deploy.0 = Debug|Any CPU
		{F997D657-8900-4885-8292-B658EA808162}.Debug|iPhoneSimulator.ActiveCfg = Debug|Any CPU
		{F997D657-8900-4885-8292-B658EA808162}.Debug|iPhoneSimulator.Build.0 = Debug|Any CPU
		{F997D657-8900-4885-8292-B658EA808162}.Debug|iPhoneSimulator.Deploy.0 = Debug|Any CPU
		{F997D657-8900-4885-8292-B658EA808162}.Release|Any CPU.ActiveCfg = Release|Any CPU
		{F997D657-8900-4885-8292-B658EA808162}.Release|Any CPU.Build.0 = Release|Any CPU
		{F997D657-8900-4885-8292-B658EA808162}.Release|Any CPU.Deploy.0 = Release|Any CPU
		{F997D657-8900-4885-8292-B658EA808162}.Release|iPhone.ActiveCfg = Release|Any CPU
		{F997D657-8900-4885-8292-B658EA808162}.Release|iPhone.Build.0 = Release|Any CPU
		{F997D657-8900-4885-8292-B658EA808162}.Release|iPhone.Deploy.0 = Release|Any CPU
		{F997D657-8900-4885-8292-B658EA808162}.Release|iPhoneSimulator.ActiveCfg = Release|Any CPU
		{F997D657-8900-4885-8292-B658EA808162}.Release|iPhoneSimulator.Build.0 = Release|Any CPU
		{F997D657-8900-4885-8292-B658EA808162}.Release|iPhoneSimulator.Deploy.0 = Release|Any CPU
	EndGlobalSection
	GlobalSection(SolutionProperties) = preSolution
		HideSolutionNode = FALSE
	EndGlobalSection
	GlobalSection(ExtensibilityGlobals) = postSolution
		SolutionGuid = {D374767F-EC80-4D3A-B133-4C01EB853F73}
	EndGlobalSection
EndGlobal
